
Microsoft Visual Studio Solution File, Format Version 12.00
# Visual Studio Version 16
VisualStudioVersion = 16.0.30128.74
MinimumVisualStudioVersion = 10.0.40219.1
Project("{9A19103F-16F7-4668-BE54-9A1E7A4F7556}") = "MayoSolutions.Common", "src\MayoSolutions.Common\MayoSolutions.Common.csproj", "{9C4EA0EA-3467-4DB8-A207-3DCF5A042073}"
EndProject
Project("{2150E333-8FDC-42A3-9474-1A3956D46DE8}") = "tests", "tests", "{F3B34566-3B4F-4CD8-AD6C-481CF79F4223}"
EndProject
Project("{2150E333-8FDC-42A3-9474-1A3956D46DE8}") = "src", "src", "{A6C4E985-4BDD-493F-9E5D-CD82EBE1FAFD}"
EndProject
Project("{FAE04EC0-301F-11D3-BF4B-00C04F79EFBC}") = "MayoSolutions.Common.UnitTests", "tests\MayoSolutions.Common.UnitTests\MayoSolutions.Common.UnitTests.csproj", "{EF1DEAF3-087A-4591-A64C-20A3CB74EA40}"
EndProject
Global
	GlobalSection(SolutionConfigurationPlatforms) = preSolution
		Debug|Any CPU = Debug|Any CPU
		Release|Any CPU = Release|Any CPU
	EndGlobalSection
	GlobalSection(ProjectConfigurationPlatforms) = postSolution
		{9C4EA0EA-3467-4DB8-A207-3DCF5A042073}.Debug|Any CPU.ActiveCfg = Debug|Any CPU
		{9C4EA0EA-3467-4DB8-A207-3DCF5A042073}.Debug|Any CPU.Build.0 = Debug|Any CPU
		{9C4EA0EA-3467-4DB8-A207-3DCF5A042073}.Release|Any CPU.ActiveCfg = Release|Any CPU
		{9C4EA0EA-3467-4DB8-A207-3DCF5A042073}.Release|Any CPU.Build.0 = Release|Any CPU
		{EF1DEAF3-087A-4591-A64C-20A3CB74EA40}.Debug|Any CPU.ActiveCfg = Debug|Any CPU
		{EF1DEAF3-087A-4591-A64C-20A3CB74EA40}.Debug|Any CPU.Build.0 = Debug|Any CPU
		{EF1DEAF3-087A-4591-A64C-20A3CB74EA40}.Release|Any CPU.ActiveCfg = Release|Any CPU
		{EF1DEAF3-087A-4591-A64C-20A3CB74EA40}.Release|Any CPU.Build.0 = Release|Any CPU
	EndGlobalSection
	GlobalSection(SolutionProperties) = preSolution
		HideSolutionNode = FALSE
	EndGlobalSection
	GlobalSection(NestedProjects) = preSolution
		{9C4EA0EA-3467-4DB8-A207-3DCF5A042073} = {A6C4E985-4BDD-493F-9E5D-CD82EBE1FAFD}
		{EF1DEAF3-087A-4591-A64C-20A3CB74EA40} = {F3B34566-3B4F-4CD8-AD6C-481CF79F4223}
	EndGlobalSection
	GlobalSection(ExtensibilityGlobals) = postSolution
		SolutionGuid = {60A57FDF-3E63-498A-AD75-850639E5E689}
	EndGlobalSection
EndGlobal
